<Solution>
  <Folder Name="/src/">
    <Project Path="src/Novolis.Transports.Framing/Novolis.Transports.Framing.csproj" />
    <Project Path="src/Novolis.Transports.Abstractions/Novolis.Transports.Abstractions.csproj" />
    <Project Path="src/Novolis.Transports.Datagrams/Novolis.Transports.Datagrams.csproj" />
    <Project Path="src/Novolis.Transports.Discovery/Novolis.Transports.Discovery.csproj" />
    <Project Path="src/Novolis.Transports.Quic/Novolis.Transports.Quic.csproj" />
    <Project Path="src/Novolis.Transports.Tailscale/Novolis.Transports.Tailscale.csproj" />
    <Project Path="src/Novolis.Transports.Tcp.Abstractions/Novolis.Transports.Tcp.Abstractions.csproj" />
    <Project Path="src/Novolis.Transports.Tcp.Cryptography/Novolis.Transports.Tcp.Cryptography.csproj" />
    <Project Path="src/Novolis.Transports.Tcp.Server/Novolis.Transports.Tcp.Server.csproj" />
    <Project Path="src/Novolis.Transports.Tcp.Client/Novolis.Transports.Tcp.Client.csproj" />
    <Project Path="src/Novolis.Transports.LocalIpc/Novolis.Transports.LocalIpc.csproj" />
    <Project Path="src/Novolis.Transports.Udp/Novolis.Transports.Udp.csproj" />
    <Project Path="src/Novolis.Transports.WireFish/Novolis.Transports.WireFish.csproj" />
    <Project Path="src/Novolis.Transports.Tcp/Novolis.Transports.Tcp.csproj" />
    <Project Path="src/Novolis.Transports.Torrent/Novolis.Transports.Torrent.csproj" />
  </Folder>
  <Folder Name="/tests/">
    <Project Path="tests/Novolis.Transports.Unit/Novolis.Transports.Unit.csproj" />
    </Folder>
</Solution>
